
Microsoft Visual Studio Solution File, Format Version 12.00
# Visual Studio Version 16
VisualStudioVersion = 16.0.30204.135
MinimumVisualStudioVersion = 10.0.40219.1
Project("{FAE04EC0-301F-11D3-BF4B-00C04F79EFBC}") = "RustFarm", "RustFarm\RustFarm.csproj", "{EE9D6DC9-CF1C-4D06-90A9-1DCC90C2DCB1}"
EndProject
Project("{FAE04EC0-301F-11D3-BF4B-00C04F79EFBC}") = "Casino", "Casino\Casino.csproj", "{0661D664-7A61-4543-AD35-858AEF491051}"
EndProject
Project("{9A19103F-16F7-4668-BE54-9A1E7A4F7556}") = "Utils", "Utils\Utils.csproj", "{99A613E4-E50A-4641-905D-0A3D6A49C5AB}"
EndProject
Project("{FAE04EC0-301F-11D3-BF4B-00C04F79EFBC}") = "ScanPlants", "ScanPlants\ScanPlants.csproj", "{D53C46B3-1610-47B4-9E90-54972E7F64C2}"
EndProject
Global
	GlobalSection(SolutionConfigurationPlatforms) = preSolution
		Debug|Any CPU = Debug|Any CPU
		Release|Any CPU = Release|Any CPU
	EndGlobalSection
	GlobalSection(ProjectConfigurationPlatforms) = postSolution
		{EE9D6DC9-CF1C-4D06-90A9-1DCC90C2DCB1}.Debug|Any CPU.ActiveCfg = Debug|Any CPU
		{EE9D6DC9-CF1C-4D06-90A9-1DCC90C2DCB1}.Debug|Any CPU.Build.0 = Debug|Any CPU
		{EE9D6DC9-CF1C-4D06-90A9-1DCC90C2DCB1}.Release|Any CPU.ActiveCfg = Release|Any CPU
		{EE9D6DC9-CF1C-4D06-90A9-1DCC90C2DCB1}.Release|Any CPU.Build.0 = Release|Any CPU
		{0661D664-7A61-4543-AD35-858AEF491051}.Debug|Any CPU.ActiveCfg = Debug|Any CPU
		{0661D664-7A61-4543-AD35-858AEF491051}.Debug|Any CPU.Build.0 = Debug|Any CPU
		{0661D664-7A61-4543-AD35-858AEF491051}.Release|Any CPU.ActiveCfg = Release|Any CPU
		{0661D664-7A61-4543-AD35-858AEF491051}.Release|Any CPU.Build.0 = Release|Any CPU
		{99A613E4-E50A-4641-905D-0A3D6A49C5AB}.Debug|Any CPU.ActiveCfg = Debug|Any CPU
		{99A613E4-E50A-4641-905D-0A3D6A49C5AB}.Debug|Any CPU.Build.0 = Debug|Any CPU
		{99A613E4-E50A-4641-905D-0A3D6A49C5AB}.Release|Any CPU.ActiveCfg = Release|Any CPU
		{99A613E4-E50A-4641-905D-0A3D6A49C5AB}.Release|Any CPU.Build.0 = Release|Any CPU
		{D53C46B3-1610-47B4-9E90-54972E7F64C2}.Debug|Any CPU.ActiveCfg = Debug|Any CPU
		{D53C46B3-1610-47B4-9E90-54972E7F64C2}.Debug|Any CPU.Build.0 = Debug|Any CPU
		{D53C46B3-1610-47B4-9E90-54972E7F64C2}.Release|Any CPU.ActiveCfg = Release|Any CPU
		{D53C46B3-1610-47B4-9E90-54972E7F64C2}.Release|Any CPU.Build.0 = Release|Any CPU
	EndGlobalSection
	GlobalSection(SolutionProperties) = preSolution
		HideSolutionNode = FALSE
	EndGlobalSection
	GlobalSection(ExtensibilityGlobals) = postSolution
		SolutionGuid = {4627104B-649A-4784-851A-A9BA9FCF2187}
	EndGlobalSection
EndGlobal
